
Microsoft Visual Studio Solution File, Format Version 12.00
# Visual Studio Version 16
VisualStudioVersion = 16.0.31025.194
MinimumVisualStudioVersion = 10.0.40219.1
Project("{2150E333-8FDC-42A3-9474-1A3956D46DE8}") = "Application", "Application", "{2FC1525E-6933-4F16-BB70-A6C7B4863F93}"
EndProject
Project("{2150E333-8FDC-42A3-9474-1A3956D46DE8}") = "Domain", "Domain", "{1D15FC26-ABEC-462A-9BFB-0894D54A9AAE}"
EndProject
Project("{2150E333-8FDC-42A3-9474-1A3956D46DE8}") = "Test", "Test", "{807726C8-DED9-4564-8BAC-DB3B1FED01FA}"
EndProject
Project("{9A19103F-16F7-4668-BE54-9A1E7A4F7556}") = "SearchFight.Domain.Entities", "SearchFight.Domain.Entities\SearchFight.Domain.Entities.csproj", "{FA3160F4-3666-4817-A979-DBBD974B924B}"
EndProject
Project("{9A19103F-16F7-4668-BE54-9A1E7A4F7556}") = "SearchFight.Domain", "SearchFight.Domain\SearchFight.Domain.csproj", "{C908F5DA-FF02-47DF-843F-0C2C3DBC1E80}"
	ProjectSection(ProjectDependencies) = postProject
		{3107C0BF-8748-4AEB-A740-0682F0EA69B3} = {3107C0BF-8748-4AEB-A740-0682F0EA69B3}
		{FA3160F4-3666-4817-A979-DBBD974B924B} = {FA3160F4-3666-4817-A979-DBBD974B924B}
	EndProjectSection
EndProject
Project("{9A19103F-16F7-4668-BE54-9A1E7A4F7556}") = "SearchFight.Domain.Contracts", "SearchFight.Domain.Contracts\SearchFight.Domain.Contracts.csproj", "{3107C0BF-8748-4AEB-A740-0682F0EA69B3}"
EndProject
Project("{9A19103F-16F7-4668-BE54-9A1E7A4F7556}") = "SearchFightV2", "SearchFightV2\SearchFightV2.csproj", "{BF512AF5-2C3F-416A-B1F6-28D17EA6DB33}"
	ProjectSection(ProjectDependencies) = postProject
		{3107C0BF-8748-4AEB-A740-0682F0EA69B3} = {3107C0BF-8748-4AEB-A740-0682F0EA69B3}
		{C908F5DA-FF02-47DF-843F-0C2C3DBC1E80} = {C908F5DA-FF02-47DF-843F-0C2C3DBC1E80}
		{FA3160F4-3666-4817-A979-DBBD974B924B} = {FA3160F4-3666-4817-A979-DBBD974B924B}
	EndProjectSection
EndProject
Project("{FAE04EC0-301F-11D3-BF4B-00C04F79EFBC}") = "SeachFight.Test", "SeachFight.Test\SeachFight.Test.csproj", "{73489A98-6E78-47E8-84A9-2B41FA290DD1}"
EndProject
Global
	GlobalSection(SolutionConfigurationPlatforms) = preSolution
		Debug|Any CPU = Debug|Any CPU
		Release|Any CPU = Release|Any CPU
	EndGlobalSection
	GlobalSection(ProjectConfigurationPlatforms) = postSolution
		{FA3160F4-3666-4817-A979-DBBD974B924B}.Debug|Any CPU.ActiveCfg = Debug|Any CPU
		{FA3160F4-3666-4817-A979-DBBD974B924B}.Debug|Any CPU.Build.0 = Debug|Any CPU
		{FA3160F4-3666-4817-A979-DBBD974B924B}.Release|Any CPU.ActiveCfg = Release|Any CPU
		{FA3160F4-3666-4817-A979-DBBD974B924B}.Release|Any CPU.Build.0 = Release|Any CPU
		{C908F5DA-FF02-47DF-843F-0C2C3DBC1E80}.Debug|Any CPU.ActiveCfg = Debug|Any CPU
		{C908F5DA-FF02-47DF-843F-0C2C3DBC1E80}.Debug|Any CPU.Build.0 = Debug|Any CPU
		{C908F5DA-FF02-47DF-843F-0C2C3DBC1E80}.Release|Any CPU.ActiveCfg = Release|Any CPU
		{C908F5DA-FF02-47DF-843F-0C2C3DBC1E80}.Release|Any CPU.Build.0 = Release|Any CPU
		{3107C0BF-8748-4AEB-A740-0682F0EA69B3}.Debug|Any CPU.ActiveCfg = Debug|Any CPU
		{3107C0BF-8748-4AEB-A740-0682F0EA69B3}.Debug|Any CPU.Build.0 = Debug|Any CPU
		{3107C0BF-8748-4AEB-A740-0682F0EA69B3}.Release|Any CPU.ActiveCfg = Release|Any CPU
		{3107C0BF-8748-4AEB-A740-0682F0EA69B3}.Release|Any CPU.Build.0 = Release|Any CPU
		{BF512AF5-2C3F-416A-B1F6-28D17EA6DB33}.Debug|Any CPU.ActiveCfg = Debug|Any CPU
		{BF512AF5-2C3F-416A-B1F6-28D17EA6DB33}.Debug|Any CPU.Build.0 = Debug|Any CPU
		{BF512AF5-2C3F-416A-B1F6-28D17EA6DB33}.Release|Any CPU.ActiveCfg = Release|Any CPU
		{BF512AF5-2C3F-416A-B1F6-28D17EA6DB33}.Release|Any CPU.Build.0 = Release|Any CPU
		{73489A98-6E78-47E8-84A9-2B41FA290DD1}.Debug|Any CPU.ActiveCfg = Debug|Any CPU
		{73489A98-6E78-47E8-84A9-2B41FA290DD1}.Debug|Any CPU.Build.0 = Debug|Any CPU
		{73489A98-6E78-47E8-84A9-2B41FA290DD1}.Release|Any CPU.ActiveCfg = Release|Any CPU
		{73489A98-6E78-47E8-84A9-2B41FA290DD1}.Release|Any CPU.Build.0 = Release|Any CPU
	EndGlobalSection
	GlobalSection(SolutionProperties) = preSolution
		HideSolutionNode = FALSE
	EndGlobalSection
	GlobalSection(NestedProjects) = preSolution
		{FA3160F4-3666-4817-A979-DBBD974B924B} = {1D15FC26-ABEC-462A-9BFB-0894D54A9AAE}
		{C908F5DA-FF02-47DF-843F-0C2C3DBC1E80} = {1D15FC26-ABEC-462A-9BFB-0894D54A9AAE}
		{3107C0BF-8748-4AEB-A740-0682F0EA69B3} = {1D15FC26-ABEC-462A-9BFB-0894D54A9AAE}
		{BF512AF5-2C3F-416A-B1F6-28D17EA6DB33} = {2FC1525E-6933-4F16-BB70-A6C7B4863F93}
		{73489A98-6E78-47E8-84A9-2B41FA290DD1} = {807726C8-DED9-4564-8BAC-DB3B1FED01FA}
	EndGlobalSection
	GlobalSection(ExtensibilityGlobals) = postSolution
		SolutionGuid = {06336B5A-5185-4538-8BB0-FEC7F211CA31}
	EndGlobalSection
EndGlobal
